
Microsoft Visual Studio Solution File, Format Version 12.00
# Visual Studio Version 17
VisualStudioVersion = 17.1.32113.165
MinimumVisualStudioVersion = 10.0.40219.1
Project("{FAE04EC0-301F-11D3-BF4B-00C04F79EFBC}") = "wordle", "wordle.csproj", "{FBD7B238-C58D-469F-84BA-A205484CE065}"
EndProject
Global
	GlobalSection(SolutionConfigurationPlatforms) = preSolution
		Debug|Any CPU = Debug|Any CPU
		Release|Any CPU = Release|Any CPU
	EndGlobalSection
	GlobalSection(ProjectConfigurationPlatforms) = postSolution
		{FBD7B238-C58D-469F-84BA-A205484CE065}.Debug|Any CPU.ActiveCfg = Debug|Any CPU
		{FBD7B238-C58D-469F-84BA-A205484CE065}.Debug|Any CPU.Build.0 = Debug|Any CPU
		{FBD7B238-C58D-469F-84BA-A205484CE065}.Release|Any CPU.ActiveCfg = Release|Any CPU
		{FBD7B238-C58D-469F-84BA-A205484CE065}.Release|Any CPU.Build.0 = Release|Any CPU
	EndGlobalSection
	GlobalSection(SolutionProperties) = preSolution
		HideSolutionNode = FALSE
	EndGlobalSection
	GlobalSection(ExtensibilityGlobals) = postSolution
		SolutionGuid = {973CD2CA-8776-4BEE-8326-A07F75A0F3F2}
	EndGlobalSection
EndGlobal
